
Microsoft Visual Studio Solution File, Format Version 12.00
# Visual Studio 2012
Project("{FAE04EC0-301F-11D3-BF4B-00C04F79EFBC}") = "BarcodeReaderDemo_VS2012", "BarcodeReaderDemo\BarcodeReaderDemo_VS2012.csproj", "{AE0B2C6A-F33B-4C7A-A7DA-6D12B1062CFF}"
EndProject
Global
	GlobalSection(SolutionConfigurationPlatforms) = preSolution
		Debug|Any CPU = Debug|Any CPU
		Release|Any CPU = Release|Any CPU
	EndGlobalSection
	GlobalSection(ProjectConfigurationPlatforms) = postSolution
		{AE0B2C6A-F33B-4C7A-A7DA-6D12B1062CFF}.Debug|Any CPU.ActiveCfg = Debug|Any CPU
		{AE0B2C6A-F33B-4C7A-A7DA-6D12B1062CFF}.Debug|Any CPU.Build.0 = Debug|Any CPU
		{AE0B2C6A-F33B-4C7A-A7DA-6D12B1062CFF}.Release|Any CPU.ActiveCfg = Release|Any CPU
		{AE0B2C6A-F33B-4C7A-A7DA-6D12B1062CFF}.Release|Any CPU.Build.0 = Release|Any CPU
	EndGlobalSection
	GlobalSection(SolutionProperties) = preSolution
		HideSolutionNode = FALSE
	EndGlobalSection
EndGlobal
